lockfileVersion: '9.0'

settings:
  autoInstallPeers: true
  excludeLinksFromLockfile: false

importers:

  .:
    devDependencies:
      lightningcss-cli:
        specifier: ^1.26.0
        version: 1.26.0

packages:

  detect-libc@1.0.3:
    resolution: {integrity: sha512-pGjwhsmsp4kL2RTz08wcOlGN83otlqHeD/Z5T8GXZB+/YcpQ/dgo+lbU8ZsGxV0HIvqqxo9l7mqYwyYMD9bKDg==}
    engines: {node: '>=0.10'}
    hasBin: true

  lightningcss-cli-darwin-arm64@1.26.0:
    resolution: {integrity: sha512-ztlxASFVcIhShPM7f7nwgz7SUv9wXfRHUhGk4/ACaTn18wm8gw7TG3WKF36NQ1zYJyhLEar7+Vd/SClKYTCrpg==}
    engines: {node: '>= 12.0.0'}
    cpu: [arm64]
    os: [darwin]

  lightningcss-cli-darwin-x64@1.26.0:
    resolution: {integrity: sha512-qL2LO4dn4wBAlnNiJspojKZXxJqIvddLfmgH3rA6A7Q27qHt01LIOB9WMxriApLpTThYGH4c2fOd2oTFF17/5w==}
    engines: {node: '>= 12.0.0'}
    cpu: [x64]
    os: [darwin]

  lightningcss-cli-freebsd-x64@1.26.0:
    resolution: {integrity: sha512-kKCL5zTgxcaqZMjXTG2Zj8br9pVlC8kF4Zj6tg/bQp/dEJ2cYWQ/Y2ZLYwulnMqyU/jN+mI6x0Z9a5RbjQ0iQw==}
    engines: {node: '>= 12.0.0'}
    cpu: [x64]
    os: [freebsd]

  lightningcss-cli-linux-arm-gnueabihf@1.26.0:
    resolution: {integrity: sha512-ZX54fDqvyMUGuIZjv+bUth3O23g62Y7H33fKuDTHMi8z7F067gI40gjbC3BeCxpYbiOjbbE/6kHPibcGUy+xsQ==}
    engines: {node: '>= 12.0.0'}
    cpu: [arm]
    os: [linux]

  lightningcss-cli-linux-arm64-gnu@1.26.0:
    resolution: {integrity: sha512-URhW35aInLYXiM5oYcYTl8vSnUer1fBP+sx5pzgPHmwGRFbuwY+KaUj8s0cIKulOoW1n3d/6/k2GrgYDIgrPmg==}
    engines: {node: '>= 12.0.0'}
    cpu: [arm64]
    os: [linux]

  lightningcss-cli-linux-arm64-musl@1.26.0:
    resolution: {integrity: sha512-qaR+U4mdNSYsSaW/bqmWgSM7582i7iH/ShrJw1ut7dq7VeMxY44jZzacBjMVVyVZnlbNkhhiAtz9Ksj01gl8Bw==}
    engines: {node: '>= 12.0.0'}
    cpu: [arm64]
    os: [linux]

  lightningcss-cli-linux-x64-gnu@1.26.0:
    resolution: {integrity: sha512-6EXxjBdE8xrHf7hearDq0xpmpK2IG8Ure7Cex70fxwVa24ISVxu08ifnftyrSOtmwJngp7PutRIJxCeMempy6Q==}
    engines: {node: '>= 12.0.0'}
    cpu: [x64]
    os: [linux]

  lightningcss-cli-linux-x64-musl@1.26.0:
    resolution: {integrity: sha512-/0OrCqCGrb1yTKmkKpD5TS6pLzaRo1nfdqQSdj3ljtjePLSLZ4zmlSy8jQzWLj0Rd4neZrn5GTXes1IXeXKCZg==}
    engines: {node: '>= 12.0.0'}
    cpu: [x64]
    os: [linux]

  lightningcss-cli-win32-arm64-msvc@1.26.0:
    resolution: {integrity: sha512-n33pwvOKZuqcbvwWPezH5A1Rsn+N1jNUXhdtXIldtuBqRhroPFixm2ryHht86A3cVPfmCdbFx3wxWXVwG1azUw==}
    engines: {node: '>= 12.0.0'}
    cpu: [arm64]
    os: [win32]

  lightningcss-cli-win32-x64-msvc@1.26.0:
    resolution: {integrity: sha512-RrB10En50bq5V2eb8ZvO+miSpDsJZIGRzFjNAejEvpuaaIWibLcItXhuxbuAb3JWWJewRjX0wQlaG4ftXf+eVg==}
    engines: {node: '>= 12.0.0'}
    cpu: [x64]
    os: [win32]

  lightningcss-cli@1.26.0:
    resolution: {integrity: sha512-guvqLilK/ptQwqBDR6MNZLAp0yAyDe/Uomf+NOu1VsmR7QaDVILiDKPpcr33dsaSSqKVH3Uhv35j6EPdvohS4Q==}
    engines: {node: '>= 12.0.0'}
    hasBin: true

snapshots:

  detect-libc@1.0.3: {}

  lightningcss-cli-darwin-arm64@1.26.0:
    optional: true

  lightningcss-cli-darwin-x64@1.26.0:
    optional: true

  lightningcss-cli-freebsd-x64@1.26.0:
    optional: true

  lightningcss-cli-linux-arm-gnueabihf@1.26.0:
    optional: true

  lightningcss-cli-linux-arm64-gnu@1.26.0:
    optional: true

  lightningcss-cli-linux-arm64-musl@1.26.0:
    optional: true

  lightningcss-cli-linux-x64-gnu@1.26.0:
    optional: true

  lightningcss-cli-linux-x64-musl@1.26.0:
    optional: true

  lightningcss-cli-win32-arm64-msvc@1.26.0:
    optional: true

  lightningcss-cli-win32-x64-msvc@1.26.0:
    optional: true

  lightningcss-cli@1.26.0:
    dependencies:
      detect-libc: 1.0.3
    optionalDependencies:
      lightningcss-cli-darwin-arm64: 1.26.0
      lightningcss-cli-darwin-x64: 1.26.0
      lightningcss-cli-freebsd-x64: 1.26.0
      lightningcss-cli-linux-arm-gnueabihf: 1.26.0
      lightningcss-cli-linux-arm64-gnu: 1.26.0
      lightningcss-cli-linux-arm64-musl: 1.26.0
      lightningcss-cli-linux-x64-gnu: 1.26.0
      lightningcss-cli-linux-x64-musl: 1.26.0
      lightningcss-cli-win32-arm64-msvc: 1.26.0
      lightningcss-cli-win32-x64-msvc: 1.26.0
